
Microsoft Visual Studio Solution File, Format Version 12.00
# Visual Studio Version 16
VisualStudioVersion = 16.0.29409.12
MinimumVisualStudioVersion = 10.0.40219.1
Project("{E24C65DC-7377-472B-9ABA-BC803B73C61A}") = "TWM3倉儲智能平台(1)", "TWM3倉儲智能平台\", "{78A70223-085D-4B94-94A6-BE47340AEF77}"
	ProjectSection(WebsiteProperties) = preProject
		TargetFrameworkMoniker = ".NETFramework,Version%3Dv4.5"
		Debug.AspNetCompiler.VirtualPath = "/localhost_11653"
		Debug.AspNetCompiler.PhysicalPath = "TWM3倉儲智能平台\"
		Debug.AspNetCompiler.TargetPath = "PrecompiledWeb\localhost_11653\"
		Debug.AspNetCompiler.Updateable = "true"
		Debug.AspNetCompiler.ForceOverwrite = "true"
		Debug.AspNetCompiler.FixedNames = "false"
		Debug.AspNetCompiler.Debug = "True"
		Release.AspNetCompiler.VirtualPath = "/localhost_11653"
		Release.AspNetCompiler.PhysicalPath = "TWM3倉儲智能平台\"
		Release.AspNetCompiler.TargetPath = "PrecompiledWeb\localhost_11653\"
		Release.AspNetCompiler.Updateable = "true"
		Release.AspNetCompiler.ForceOverwrite = "true"
		Release.AspNetCompiler.FixedNames = "false"
		Release.AspNetCompiler.Debug = "False"
		VWDPort = "11653"
	EndProjectSection
EndProject
Global
	GlobalSection(SolutionConfigurationPlatforms) = preSolution
		Debug|Any CPU = Debug|Any CPU
	EndGlobalSection
	GlobalSection(ProjectConfigurationPlatforms) = postSolution
		{78A70223-085D-4B94-94A6-BE47340AEF77}.Debug|Any CPU.ActiveCfg = Debug|Any CPU
		{78A70223-085D-4B94-94A6-BE47340AEF77}.Debug|Any CPU.Build.0 = Debug|Any CPU
	EndGlobalSection
	GlobalSection(SolutionProperties) = preSolution
		HideSolutionNode = FALSE
	EndGlobalSection
	GlobalSection(ExtensibilityGlobals) = postSolution
		SolutionGuid = {6FC36FAF-BD0F-4AD5-9EDA-2EF080512BEB}
	EndGlobalSection
EndGlobal
