
Microsoft Visual Studio Solution File, Format Version 12.00
# Visual Studio Version 16
VisualStudioVersion = 16.0.29409.12
MinimumVisualStudioVersion = 10.0.40219.1
Project("{E24C65DC-7377-472B-9ABA-BC803B73C61A}") = "TWM3倉儲智能平台", "..\..\..\Desktop\Way_ASP_Solution\henry\TWM3倉儲智能平台\", "{33D4C7BF-4F63-4E88-87C0-6DBAF02F08B4}"
	ProjectSection(WebsiteProperties) = preProject
		TargetFrameworkMoniker = ".NETFramework,Version%3Dv4.5"
		Debug.AspNetCompiler.VirtualPath = "/localhost_22050"
		Debug.AspNetCompiler.PhysicalPath = "..\..\..\Desktop\Way_ASP_Solution\henry\TWM3倉儲智能平台\"
		Debug.AspNetCompiler.TargetPath = "PrecompiledWeb\localhost_22050\"
		Debug.AspNetCompiler.Updateable = "true"
		Debug.AspNetCompiler.ForceOverwrite = "true"
		Debug.AspNetCompiler.FixedNames = "false"
		Debug.AspNetCompiler.Debug = "True"
		Release.AspNetCompiler.VirtualPath = "/localhost_22050"
		Release.AspNetCompiler.PhysicalPath = "..\..\..\Desktop\Way_ASP_Solution\henry\TWM3倉儲智能平台\"
		Release.AspNetCompiler.TargetPath = "PrecompiledWeb\localhost_22050\"
		Release.AspNetCompiler.Updateable = "true"
		Release.AspNetCompiler.ForceOverwrite = "true"
		Release.AspNetCompiler.FixedNames = "false"
		Release.AspNetCompiler.Debug = "False"
		VWDPort = "22050"
		SlnRelativePath = "..\..\..\Desktop\Way_ASP_Solution\henry\TWM3倉儲智能平台\"
	EndProjectSection
EndProject
Global
	GlobalSection(SolutionConfigurationPlatforms) = preSolution
		Debug|Any CPU = Debug|Any CPU
	EndGlobalSection
	GlobalSection(ProjectConfigurationPlatforms) = postSolution
		{33D4C7BF-4F63-4E88-87C0-6DBAF02F08B4}.Debug|Any CPU.ActiveCfg = Debug|Any CPU
		{33D4C7BF-4F63-4E88-87C0-6DBAF02F08B4}.Debug|Any CPU.Build.0 = Debug|Any CPU
	EndGlobalSection
	GlobalSection(SolutionProperties) = preSolution
		HideSolutionNode = FALSE
	EndGlobalSection
	GlobalSection(ExtensibilityGlobals) = postSolution
		SolutionGuid = {6FC36FAF-BD0F-4AD5-9EDA-2EF080512BEB}
	EndGlobalSection
EndGlobal
